
Microsoft Visual Studio Solution File, Format Version 12.00
# Visual Studio 15
VisualStudioVersion = 15.0.28307.902
MinimumVisualStudioVersion = 10.0.40219.1
Project("{159641D6-6404-4A2A-AE62-294DE0FE8301}") = "Load Monthly Summary - Azure", "Integration Services Project1\Load Monthly Summary - Azure.dtproj", "{4E19A443-9610-499B-AFD5-003AFCA4719F}"
EndProject
Global
	GlobalSection(SolutionConfigurationPlatforms) = preSolution
		Development|Default = Development|Default
	EndGlobalSection
	GlobalSection(ProjectConfigurationPlatforms) = postSolution
		{4E19A443-9610-499B-AFD5-003AFCA4719F}.Development|Default.ActiveCfg = Development
		{4E19A443-9610-499B-AFD5-003AFCA4719F}.Development|Default.Build.0 = Development
	EndGlobalSection
	GlobalSection(SolutionProperties) = preSolution
		HideSolutionNode = FALSE
	EndGlobalSection
	GlobalSection(ExtensibilityGlobals) = postSolution
		SolutionGuid = {BD701EDF-AB4E-4E2D-9BA6-60B29AF534DE}
	EndGlobalSection
EndGlobal
